uuid: dff876da-42ea-46a5-8247-e4194d18a854
langcode: en
status: true
dependencies:
  module:
    - block_class
    - cogecotv_base
  theme:
    - cogecotv
third_party_settings:
  block_class:
    classes: ''
id: topheaderblock
theme: cogecotv
region: top_header
weight: 0
provider: null
plugin: cgtv_topheader_block
settings:
  id: cgtv_topheader_block
  label: 'Top Header block'
  provider: cogecotv_base
  label_display: '0'
visibility: {  }
